
Microsoft Visual Studio Solution File, Format Version 12.00
# Visual Studio Version 17
VisualStudioVersion = 17.5.33627.172
MinimumVisualStudioVersion = 10.0.40219.1
Project("{FAE04EC0-301F-11D3-BF4B-00C04F79EFBC}") = "AppCalculadora.UWP", "AppCalculadora.UWP\AppCalculadora.UWP.csproj", "{60783037-B344-4A8E-9826-A916B3A9BCA7}"
EndProject
Project("{FAE04EC0-301F-11D3-BF4B-00C04F79EFBC}") = "AppCalculadora.Android", "AppCalculadora.Android\AppCalculadora.Android.csproj", "{FF9039FE-95FE-4245-9BA2-ACDB74EAAEBD}"
EndProject
Project("{FAE04EC0-301F-11D3-BF4B-00C04F79EFBC}") = "AppCalculadora.iOS", "AppCalculadora.iOS\AppCalculadora.iOS.csproj", "{000D33D3-BE4B-4365-BC32-BEFC5128D279}"
EndProject
Project("{FAE04EC0-301F-11D3-BF4B-00C04F79EFBC}") = "AppCalculadora", "AppCalculadora\AppCalculadora.csproj", "{D137CBFE-DF86-4B77-B4D7-32FEED0F25FE}"
EndProject
Global
	GlobalSection(SolutionConfigurationPlatforms) = preSolution
		Debug|Any CPU = Debug|Any CPU
		Debug|ARM = Debug|ARM
		Debug|iPhone = Debug|iPhone
		Debug|iPhoneSimulator = Debug|iPhoneSimulator
		Debug|x64 = Debug|x64
		Debug|x86 = Debug|x86
		Release|Any CPU = Release|Any CPU
		Release|ARM = Release|ARM
		Release|iPhone = Release|iPhone
		Release|iPhoneSimulator = Release|iPhoneSimulator
		Release|x64 = Release|x64
		Release|x86 = Release|x86
	EndGlobalSection
	GlobalSection(ProjectConfigurationPlatforms) = postSolution
		{60783037-B344-4A8E-9826-A916B3A9BCA7}.Debug|Any CPU.ActiveCfg = Debug|x64
		{60783037-B344-4A8E-9826-A916B3A9BCA7}.Debug|Any CPU.Build.0 = Debug|x64
		{60783037-B344-4A8E-9826-A916B3A9BCA7}.Debug|Any CPU.Deploy.0 = Debug|x64
		{60783037-B344-4A8E-9826-A916B3A9BCA7}.Debug|ARM.ActiveCfg = Debug|ARM
		{60783037-B344-4A8E-9826-A916B3A9BCA7}.Debug|ARM.Build.0 = Debug|ARM
		{60783037-B344-4A8E-9826-A916B3A9BCA7}.Debug|ARM.Deploy.0 = Debug|ARM
		{60783037-B344-4A8E-9826-A916B3A9BCA7}.Debug|iPhone.ActiveCfg = Debug|x64
		{60783037-B344-4A8E-9826-A916B3A9BCA7}.Debug|iPhone.Build.0 = Debug|x64
		{60783037-B344-4A8E-9826-A916B3A9BCA7}.Debug|iPhone.Deploy.0 = Debug|x64
		{60783037-B344-4A8E-9826-A916B3A9BCA7}.Debug|iPhoneSimulator.ActiveCfg = Debug|x64
		{60783037-B344-4A8E-9826-A916B3A9BCA7}.Debug|iPhoneSimulator.Build.0 = Debug|x64
		{60783037-B344-4A8E-9826-A916B3A9BCA7}.Debug|iPhoneSimulator.Deploy.0 = Debug|x64
		{60783037-B344-4A8E-9826-A916B3A9BCA7}.Debug|x64.ActiveCfg = Debug|x64
		{60783037-B344-4A8E-9826-A916B3A9BCA7}.Debug|x64.Build.0 = Debug|x64
		{60783037-B344-4A8E-9826-A916B3A9BCA7}.Debug|x64.Deploy.0 = Debug|x64
		{60783037-B344-4A8E-9826-A916B3A9BCA7}.Debug|x86.ActiveCfg = Debug|x86
		{60783037-B344-4A8E-9826-A916B3A9BCA7}.Debug|x86.Build.0 = Debug|x86
		{60783037-B344-4A8E-9826-A916B3A9BCA7}.Debug|x86.Deploy.0 = Debug|x86
		{60783037-B344-4A8E-9826-A916B3A9BCA7}.Release|Any CPU.ActiveCfg = Release|x64
		{60783037-B344-4A8E-9826-A916B3A9BCA7}.Release|Any CPU.Build.0 = Release|x64
		{60783037-B344-4A8E-9826-A916B3A9BCA7}.Release|Any CPU.Deploy.0 = Release|x64
		{60783037-B344-4A8E-9826-A916B3A9BCA7}.Release|ARM.ActiveCfg = Release|ARM
		{60783037-B344-4A8E-9826-A916B3A9BCA7}.Release|ARM.Build.0 = Release|ARM
		{60783037-B344-4A8E-9826-A916B3A9BCA7}.Release|ARM.Deploy.0 = Release|ARM
		{60783037-B344-4A8E-9826-A916B3A9BCA7}.Release|iPhone.ActiveCfg = Release|x64
		{60783037-B344-4A8E-9826-A916B3A9BCA7}.Release|iPhone.Build.0 = Release|x64
		{60783037-B344-4A8E-9826-A916B3A9BCA7}.Release|iPhone.Deploy.0 = Release|x64
		{60783037-B344-4A8E-9826-A916B3A9BCA7}.Release|iPhoneSimulator.ActiveCfg = Release|x64
		{60783037-B344-4A8E-9826-A916B3A9BCA7}.Release|iPhoneSimulator.Build.0 = Release|x64
		{60783037-B344-4A8E-9826-A916B3A9BCA7}.Release|iPhoneSimulator.Deploy.0 = Release|x64
		{60783037-B344-4A8E-9826-A916B3A9BCA7}.Release|x64.ActiveCfg = Release|x64
		{60783037-B344-4A8E-9826-A916B3A9BCA7}.Release|x64.Build.0 = Release|x64
		{60783037-B344-4A8E-9826-A916B3A9BCA7}.Release|x64.Deploy.0 = Release|x64
		{60783037-B344-4A8E-9826-A916B3A9BCA7}.Release|x86.ActiveCfg = Release|x86
		{60783037-B344-4A8E-9826-A916B3A9BCA7}.Release|x86.Build.0 = Release|x86
		{60783037-B344-4A8E-9826-A916B3A9BCA7}.Release|x86.Deploy.0 = Release|x86
		{FF9039FE-95FE-4245-9BA2-ACDB74EAAEBD}.Debug|Any CPU.ActiveCfg = Debug|Any CPU
		{FF9039FE-95FE-4245-9BA2-ACDB74EAAEBD}.Debug|Any CPU.Build.0 = Debug|Any CPU
		{FF9039FE-95FE-4245-9BA2-ACDB74EAAEBD}.Debug|Any CPU.Deploy.0 = Debug|Any CPU
		{FF9039FE-95FE-4245-9BA2-ACDB74EAAEBD}.Debug|ARM.ActiveCfg = Debug|Any CPU
		{FF9039FE-95FE-4245-9BA2-ACDB74EAAEBD}.Debug|ARM.Build.0 = Debug|Any CPU
		{FF9039FE-95FE-4245-9BA2-ACDB74EAAEBD}.Debug|ARM.Deploy.0 = Debug|Any CPU
		{FF9039FE-95FE-4245-9BA2-ACDB74EAAEBD}.Debug|iPhone.ActiveCfg = Debug|Any CPU
		{FF9039FE-95FE-4245-9BA2-ACDB74EAAEBD}.Debug|iPhone.Build.0 = Debug|Any CPU
		{FF9039FE-95FE-4245-9BA2-ACDB74EAAEBD}.Debug|iPhone.Deploy.0 = Debug|Any CPU
		{FF9039FE-95FE-4245-9BA2-ACDB74EAAEBD}.Debug|iPhoneSimulator.ActiveCfg = Debug|Any CPU
		{FF9039FE-95FE-4245-9BA2-ACDB74EAAEBD}.Debug|iPhoneSimulator.Build.0 = Debug|Any CPU
		{FF9039FE-95FE-4245-9BA2-ACDB74EAAEBD}.Debug|iPhoneSimulator.Deploy.0 = Debug|Any CPU
		{FF9039FE-95FE-4245-9BA2-ACDB74EAAEBD}.Debug|x64.ActiveCfg = Debug|Any CPU
		{FF9039FE-95FE-4245-9BA2-ACDB74EAAEBD}.Debug|x64.Build.0 = Debug|Any CPU
		{FF9039FE-95FE-4245-9BA2-ACDB74EAAEBD}.Debug|x64.Deploy.0 = Debug|Any CPU
		{FF9039FE-95FE-4245-9BA2-ACDB74EAAEBD}.Debug|x86.ActiveCfg = Debug|Any CPU
		{FF9039FE-95FE-4245-9BA2-ACDB74EAAEBD}.Debug|x86.Build.0 = Debug|Any CPU
		{FF9039FE-95FE-4245-9BA2-ACDB74EAAEBD}.Debug|x86.Deploy.0 = Debug|Any CPU
		{FF9039FE-95FE-4245-9BA2-ACDB74EAAEBD}.Release|Any CPU.ActiveCfg = Release|Any CPU
		{FF9039FE-95FE-4245-9BA2-ACDB74EAAEBD}.Release|Any CPU.Build.0 = Release|Any CPU
		{FF9039FE-95FE-4245-9BA2-ACDB74EAAEBD}.Release|Any CPU.Deploy.0 = Release|Any CPU
		{FF9039FE-95FE-4245-9BA2-ACDB74EAAEBD}.Release|ARM.ActiveCfg = Release|Any CPU
		{FF9039FE-95FE-4245-9BA2-ACDB74EAAEBD}.Release|ARM.Build.0 = Release|Any CPU
		{FF9039FE-95FE-4245-9BA2-ACDB74EAAEBD}.Release|ARM.Deploy.0 = Release|Any CPU
		{FF9039FE-95FE-4245-9BA2-ACDB74EAAEBD}.Release|iPhone.ActiveCfg = Release|Any CPU
		{FF9039FE-95FE-4245-9BA2-ACDB74EAAEBD}.Release|iPhone.Build.0 = Release|Any CPU
		{FF9039FE-95FE-4245-9BA2-ACDB74EAAEBD}.Release|iPhone.Deploy.0 = Release|Any CPU
		{FF9039FE-95FE-4245-9BA2-ACDB74EAAEBD}.Release|iPhoneSimulator.ActiveCfg = Release|Any CPU
		{FF9039FE-95FE-4245-9BA2-ACDB74EAAEBD}.Release|iPhoneSimulator.Build.0 = Release|Any CPU
		{FF9039FE-95FE-4245-9BA2-ACDB74EAAEBD}.Release|iPhoneSimulator.Deploy.0 = Release|Any CPU
		{FF9039FE-95FE-4245-9BA2-ACDB74EAAEBD}.Release|x64.ActiveCfg = Release|Any CPU
		{FF9039FE-95FE-4245-9BA2-ACDB74EAAEBD}.Release|x64.Build.0 = Release|Any CPU
		{FF9039FE-95FE-4245-9BA2-ACDB74EAAEBD}.Release|x64.Deploy.0 = Release|Any CPU
		{FF9039FE-95FE-4245-9BA2-ACDB74EAAEBD}.Release|x86.ActiveCfg = Release|Any CPU
		{FF9039FE-95FE-4245-9BA2-ACDB74EAAEBD}.Release|x86.Build.0 = Release|Any CPU
		{FF9039FE-95FE-4245-9BA2-ACDB74EAAEBD}.Release|x86.Deploy.0 = Release|Any CPU
		{000D33D3-BE4B-4365-BC32-BEFC5128D279}.Debug|Any CPU.ActiveCfg = Debug|iPhoneSimulator
		{000D33D3-BE4B-4365-BC32-BEFC5128D279}.Debug|Any CPU.Build.0 = Debug|iPhoneSimulator
		{000D33D3-BE4B-4365-BC32-BEFC5128D279}.Debug|Any CPU.Deploy.0 = Debug|iPhoneSimulator
		{000D33D3-BE4B-4365-BC32-BEFC5128D279}.Debug|ARM.ActiveCfg = Debug|iPhoneSimulator
		{000D33D3-BE4B-4365-BC32-BEFC5128D279}.Debug|ARM.Build.0 = Debug|iPhoneSimulator
		{000D33D3-BE4B-4365-BC32-BEFC5128D279}.Debug|ARM.Deploy.0 = Debug|iPhoneSimulator
		{000D33D3-BE4B-4365-BC32-BEFC5128D279}.Debug|iPhone.ActiveCfg = Debug|iPhone
		{000D33D3-BE4B-4365-BC32-BEFC5128D279}.Debug|iPhone.Build.0 = Debug|iPhone
		{000D33D3-BE4B-4365-BC32-BEFC5128D279}.Debug|iPhone.Deploy.0 = Debug|iPhone
		{000D33D3-BE4B-4365-BC32-BEFC5128D279}.Debug|iPhoneSimulator.ActiveCfg = Debug|iPhoneSimulator
		{000D33D3-BE4B-4365-BC32-BEFC5128D279}.Debug|iPhoneSimulator.Build.0 = Debug|iPhoneSimulator
		{000D33D3-BE4B-4365-BC32-BEFC5128D279}.Debug|iPhoneSimulator.Deploy.0 = Debug|iPhoneSimulator
		{000D33D3-BE4B-4365-BC32-BEFC5128D279}.Debug|x64.ActiveCfg = Debug|iPhone
		{000D33D3-BE4B-4365-BC32-BEFC5128D279}.Debug|x64.Build.0 = Debug|iPhone
		{000D33D3-BE4B-4365-BC32-BEFC5128D279}.Debug|x64.Deploy.0 = Debug|iPhone
		{000D33D3-BE4B-4365-BC32-BEFC5128D279}.Debug|x86.ActiveCfg = Debug|iPhoneSimulator
		{000D33D3-BE4B-4365-BC32-BEFC5128D279}.Debug|x86.Build.0 = Debug|iPhoneSimulator
		{000D33D3-BE4B-4365-BC32-BEFC5128D279}.Debug|x86.Deploy.0 = Debug|iPhoneSimulator
		{000D33D3-BE4B-4365-BC32-BEFC5128D279}.Release|Any CPU.ActiveCfg = Release|iPhoneSimulator
		{000D33D3-BE4B-4365-BC32-BEFC5128D279}.Release|Any CPU.Build.0 = Release|iPhoneSimulator
		{000D33D3-BE4B-4365-BC32-BEFC5128D279}.Release|Any CPU.Deploy.0 = Release|iPhoneSimulator
		{000D33D3-BE4B-4365-BC32-BEFC5128D279}.Release|ARM.ActiveCfg = Release|iPhoneSimulator
		{000D33D3-BE4B-4365-BC32-BEFC5128D279}.Release|ARM.Build.0 = Release|iPhoneSimulator
		{000D33D3-BE4B-4365-BC32-BEFC5128D279}.Release|ARM.Deploy.0 = Release|iPhoneSimulator
		{000D33D3-BE4B-4365-BC32-BEFC5128D279}.Release|iPhone.ActiveCfg = Release|iPhone
		{000D33D3-BE4B-4365-BC32-BEFC5128D279}.Release|iPhone.Build.0 = Release|iPhone
		{000D33D3-BE4B-4365-BC32-BEFC5128D279}.Release|iPhone.Deploy.0 = Release|iPhone
		{000D33D3-BE4B-4365-BC32-BEFC5128D279}.Release|iPhoneSimulator.ActiveCfg = Release|iPhoneSimulator
		{000D33D3-BE4B-4365-BC32-BEFC5128D279}.Release|iPhoneSimulator.Build.0 = Release|iPhoneSimulator
		{000D33D3-BE4B-4365-BC32-BEFC5128D279}.Release|iPhoneSimulator.Deploy.0 = Release|iPhoneSimulator
		{000D33D3-BE4B-4365-BC32-BEFC5128D279}.Release|x64.ActiveCfg = Release|iPhoneSimulator
		{000D33D3-BE4B-4365-BC32-BEFC5128D279}.Release|x64.Build.0 = Release|iPhoneSimulator
		{000D33D3-BE4B-4365-BC32-BEFC5128D279}.Release|x64.Deploy.0 = Release|iPhoneSimulator
		{000D33D3-BE4B-4365-BC32-BEFC5128D279}.Release|x86.ActiveCfg = Release|iPhoneSimulator
		{000D33D3-BE4B-4365-BC32-BEFC5128D279}.Release|x86.Build.0 = Release|iPhoneSimulator
		{000D33D3-BE4B-4365-BC32-BEFC5128D279}.Release|x86.Deploy.0 = Release|iPhoneSimulator
		{D137CBFE-DF86-4B77-B4D7-32FEED0F25FE}.Debug|Any CPU.ActiveCfg = Debug|Any CPU
		{D137CBFE-DF86-4B77-B4D7-32FEED0F25FE}.Debug|Any CPU.Build.0 = Debug|Any CPU
		{D137CBFE-DF86-4B77-B4D7-32FEED0F25FE}.Debug|Any CPU.Deploy.0 = Debug|Any CPU
		{D137CBFE-DF86-4B77-B4D7-32FEED0F25FE}.Debug|ARM.ActiveCfg = Debug|Any CPU
		{D137CBFE-DF86-4B77-B4D7-32FEED0F25FE}.Debug|ARM.Build.0 = Debug|Any CPU
		{D137CBFE-DF86-4B77-B4D7-32FEED0F25FE}.Debug|ARM.Deploy.0 = Debug|Any CPU
		{D137CBFE-DF86-4B77-B4D7-32FEED0F25FE}.Debug|iPhone.ActiveCfg = Debug|Any CPU
		{D137CBFE-DF86-4B77-B4D7-32FEED0F25FE}.Debug|iPhone.Build.0 = Debug|Any CPU
		{D137CBFE-DF86-4B77-B4D7-32FEED0F25FE}.Debug|iPhone.Deploy.0 = Debug|Any CPU
		{D137CBFE-DF86-4B77-B4D7-32FEED0F25FE}.Debug|iPhoneSimulator.ActiveCfg = Debug|Any CPU
		{D137CBFE-DF86-4B77-B4D7-32FEED0F25FE}.Debug|iPhoneSimulator.Build.0 = Debug|Any CPU
		{D137CBFE-DF86-4B77-B4D7-32FEED0F25FE}.Debug|iPhoneSimulator.Deploy.0 = Debug|Any CPU
		{D137CBFE-DF86-4B77-B4D7-32FEED0F25FE}.Debug|x64.ActiveCfg = Debug|Any CPU
		{D137CBFE-DF86-4B77-B4D7-32FEED0F25FE}.Debug|x64.Build.0 = Debug|Any CPU
		{D137CBFE-DF86-4B77-B4D7-32FEED0F25FE}.Debug|x64.Deploy.0 = Debug|Any CPU
		{D137CBFE-DF86-4B77-B4D7-32FEED0F25FE}.Debug|x86.ActiveCfg = Debug|Any CPU
		{D137CBFE-DF86-4B77-B4D7-32FEED0F25FE}.Debug|x86.Build.0 = Debug|Any CPU
		{D137CBFE-DF86-4B77-B4D7-32FEED0F25FE}.Debug|x86.Deploy.0 = Debug|Any CPU
		{D137CBFE-DF86-4B77-B4D7-32FEED0F25FE}.Release|Any CPU.ActiveCfg = Release|Any CPU
		{D137CBFE-DF86-4B77-B4D7-32FEED0F25FE}.Release|Any CPU.Build.0 = Release|Any CPU
		{D137CBFE-DF86-4B77-B4D7-32FEED0F25FE}.Release|Any CPU.Deploy.0 = Release|Any CPU
		{D137CBFE-DF86-4B77-B4D7-32FEED0F25FE}.Release|ARM.ActiveCfg = Release|Any CPU
		{D137CBFE-DF86-4B77-B4D7-32FEED0F25FE}.Release|ARM.Build.0 = Release|Any CPU
		{D137CBFE-DF86-4B77-B4D7-32FEED0F25FE}.Release|ARM.Deploy.0 = Release|Any CPU
		{D137CBFE-DF86-4B77-B4D7-32FEED0F25FE}.Release|iPhone.ActiveCfg = Release|Any CPU
		{D137CBFE-DF86-4B77-B4D7-32FEED0F25FE}.Release|iPhone.Build.0 = Release|Any CPU
		{D137CBFE-DF86-4B77-B4D7-32FEED0F25FE}.Release|iPhone.Deploy.0 = Release|Any CPU
		{D137CBFE-DF86-4B77-B4D7-32FEED0F25FE}.Release|iPhoneSimulator.ActiveCfg = Release|Any CPU
		{D137CBFE-DF86-4B77-B4D7-32FEED0F25FE}.Release|iPhoneSimulator.Build.0 = Release|Any CPU
		{D137CBFE-DF86-4B77-B4D7-32FEED0F25FE}.Release|iPhoneSimulator.Deploy.0 = Release|Any CPU
		{D137CBFE-DF86-4B77-B4D7-32FEED0F25FE}.Release|x64.ActiveCfg = Release|Any CPU
		{D137CBFE-DF86-4B77-B4D7-32FEED0F25FE}.Release|x64.Build.0 = Release|Any CPU
		{D137CBFE-DF86-4B77-B4D7-32FEED0F25FE}.Release|x64.Deploy.0 = Release|Any CPU
		{D137CBFE-DF86-4B77-B4D7-32FEED0F25FE}.Release|x86.ActiveCfg = Release|Any CPU
		{D137CBFE-DF86-4B77-B4D7-32FEED0F25FE}.Release|x86.Build.0 = Release|Any CPU
		{D137CBFE-DF86-4B77-B4D7-32FEED0F25FE}.Release|x86.Deploy.0 = Release|Any CPU
	EndGlobalSection
	GlobalSection(SolutionProperties) = preSolution
		HideSolutionNode = FALSE
	EndGlobalSection
	GlobalSection(ExtensibilityGlobals) = postSolution
		SolutionGuid = {FA7B3F5D-594D-4759-84F2-19EBB5253A35}
	EndGlobalSection
EndGlobal
